# @generated - this file is auto-generated by `mise lock` https://mise.en.dev/dev-tools/mise-lock.html

[[tools.elixir]]
version = "1.15.6-otp-26"
backend = "core:elixir"

[tools.elixir."platforms.linux-x64"]
checksum = "sha256:3726c66bc86ed872d8cb26e98961d7dbfe0246fcfb1b0b48ac1da95f3b77a935"
url = "https://builds.hex.pm/builds/elixir/v1.15.6-otp-26.zip"

[tools.elixir."platforms.macos-arm64"]
checksum = "sha256:3726c66bc86ed872d8cb26e98961d7dbfe0246fcfb1b0b48ac1da95f3b77a935"
url = "https://builds.hex.pm/builds/elixir/v1.15.6-otp-26.zip"

[[tools.erlang]]
version = "26.1.1"
backend = "core:erlang"

[tools.erlang.options]
precompiled = "if_available"
precompiled_os = "ubuntu-24.04"

[tools.erlang."platforms.linux-x64"]
url = "https://builds.hex.pm/builds/otp/amd64/ubuntu-24.04/OTP-26.1.1.tar.gz"

[[tools.erlang]]
version = "26.1.1"
backend = "core:erlang"

[tools.erlang.options]
precompiled = "if_available"

[tools.erlang."platforms.macos-arm64"]
url = "https://github.com/erlef/otp_builds/releases/download/OTP-26.1.1/otp-aarch64-apple-darwin.tar.gz"
url_api = "https://api.github.com/repos/erlef/otp_builds/releases/assets/201839424"
